
Microsoft Visual Studio Solution File, Format Version 12.00
# Visual Studio 15
VisualStudioVersion = 15.0.27703.2047
MinimumVisualStudioVersion = 10.0.40219.1
Project("{FAE04EC0-301F-11D3-BF4B-00C04F79EFBC}") = "Beisbol", "Beisbol\Beisbol.csproj", "{AB0D0CD9-6DB4-42AE-8C9A-945EF3933A9B}"
EndProject
Global
	GlobalSection(SolutionConfigurationPlatforms) = preSolution
		Debug|Any CPU = Debug|Any CPU
		Release|Any CPU = Release|Any CPU
	EndGlobalSection
	GlobalSection(ProjectConfigurationPlatforms) = postSolution
		{AB0D0CD9-6DB4-42AE-8C9A-945EF3933A9B}.Debug|Any CPU.ActiveCfg = Debug|Any CPU
		{AB0D0CD9-6DB4-42AE-8C9A-945EF3933A9B}.Debug|Any CPU.Build.0 = Debug|Any CPU
		{AB0D0CD9-6DB4-42AE-8C9A-945EF3933A9B}.Release|Any CPU.ActiveCfg = Release|Any CPU
		{AB0D0CD9-6DB4-42AE-8C9A-945EF3933A9B}.Release|Any CPU.Build.0 = Release|Any CPU
	EndGlobalSection
	GlobalSection(SolutionProperties) = preSolution
		HideSolutionNode = FALSE
	EndGlobalSection
	GlobalSection(ExtensibilityGlobals) = postSolution
		SolutionGuid = {B5C8CA43-60C0-4B4D-B05F-5B8D5967C6FA}
	EndGlobalSection
EndGlobal
